
Microsoft Visual Studio Solution File, Format Version 12.00
# Visual Studio Version 17
VisualStudioVersion = 17.5.002.0
MinimumVisualStudioVersion = 10.0.40219.1
Project("{9A19103F-16F7-4668-BE54-9A1E7A4F7556}") = "BFF.Proxy", "BFF.Proxy\BFF.Proxy.csproj", "{DAD89369-38C0-4177-BC35-B37433730144}"
EndProject
Project("{FAE04EC0-301F-11D3-BF4B-00C04F79EFBC}") = "ISP.WebApp", "ISP.WebApp\ISP.WebApp.csproj", "{7911FEEE-4539-42E1-9BDC-F45D41E61ECF}"
EndProject
Project("{FAE04EC0-301F-11D3-BF4B-00C04F79EFBC}") = "Resource.Api", "Resource.Api\Resource.Api.csproj", "{2B045818-4712-4E63-991E-20DD728B2CA7}"
EndProject
Global
	GlobalSection(SolutionConfigurationPlatforms) = preSolution
		Debug|Any CPU = Debug|Any CPU
		Release|Any CPU = Release|Any CPU
	EndGlobalSection
	GlobalSection(ProjectConfigurationPlatforms) = postSolution
		{DAD89369-38C0-4177-BC35-B37433730144}.Debug|Any CPU.ActiveCfg = Debug|Any CPU
		{DAD89369-38C0-4177-BC35-B37433730144}.Debug|Any CPU.Build.0 = Debug|Any CPU
		{DAD89369-38C0-4177-BC35-B37433730144}.Release|Any CPU.ActiveCfg = Release|Any CPU
		{DAD89369-38C0-4177-BC35-B37433730144}.Release|Any CPU.Build.0 = Release|Any CPU
		{7911FEEE-4539-42E1-9BDC-F45D41E61ECF}.Debug|Any CPU.ActiveCfg = Debug|Any CPU
		{7911FEEE-4539-42E1-9BDC-F45D41E61ECF}.Debug|Any CPU.Build.0 = Debug|Any CPU
		{7911FEEE-4539-42E1-9BDC-F45D41E61ECF}.Release|Any CPU.ActiveCfg = Release|Any CPU
		{7911FEEE-4539-42E1-9BDC-F45D41E61ECF}.Release|Any CPU.Build.0 = Release|Any CPU
		{2B045818-4712-4E63-991E-20DD728B2CA7}.Debug|Any CPU.ActiveCfg = Debug|Any CPU
		{2B045818-4712-4E63-991E-20DD728B2CA7}.Debug|Any CPU.Build.0 = Debug|Any CPU
		{2B045818-4712-4E63-991E-20DD728B2CA7}.Release|Any CPU.ActiveCfg = Release|Any CPU
		{2B045818-4712-4E63-991E-20DD728B2CA7}.Release|Any CPU.Build.0 = Release|Any CPU
	EndGlobalSection
	GlobalSection(SolutionProperties) = preSolution
		HideSolutionNode = FALSE
	EndGlobalSection
	GlobalSection(ExtensibilityGlobals) = postSolution
		SolutionGuid = {AD4187AD-9754-4B9D-AF0B-126E7443D688}
	EndGlobalSection
EndGlobal
