
Microsoft Visual Studio Solution File, Format Version 12.00
# Visual Studio Version 17
VisualStudioVersion = 17.5.002.0
MinimumVisualStudioVersion = 10.0.40219.1
Project("{9A19103F-16F7-4668-BE54-9A1E7A4F7556}") = "BFFProxyServer", "BFFProxyServer\BFFProxyServer.csproj", "{DAD89369-38C0-4177-BC35-B37433730144}"
EndProject
Global
	GlobalSection(SolutionConfigurationPlatforms) = preSolution
		Debug|Any CPU = Debug|Any CPU
		Release|Any CPU = Release|Any CPU
	EndGlobalSection
	GlobalSection(ProjectConfigurationPlatforms) = postSolution
		{DAD89369-38C0-4177-BC35-B37433730144}.Debug|Any CPU.ActiveCfg = Debug|Any CPU
		{DAD89369-38C0-4177-BC35-B37433730144}.Debug|Any CPU.Build.0 = Debug|Any CPU
		{DAD89369-38C0-4177-BC35-B37433730144}.Release|Any CPU.ActiveCfg = Release|Any CPU
		{DAD89369-38C0-4177-BC35-B37433730144}.Release|Any CPU.Build.0 = Release|Any CPU
	EndGlobalSection
	GlobalSection(SolutionProperties) = preSolution
		HideSolutionNode = FALSE
	EndGlobalSection
	GlobalSection(ExtensibilityGlobals) = postSolution
		SolutionGuid = {AD4187AD-9754-4B9D-AF0B-126E7443D688}
	EndGlobalSection
EndGlobal
